
Microsoft Visual Studio Solution File, Format Version 12.00
# Visual Studio Version 17
VisualStudioVersion = 17.10.35013.160
MinimumVisualStudioVersion = 10.0.40219.1
Project("{FAE04EC0-301F-11D3-BF4B-00C04F79EFBC}") = "Spicetify Tool", "Spicetify Tool\Spicetify Tool.csproj", "{0C777B68-6465-4593-880A-5DB69BF488C6}"
EndProject
Global
	GlobalSection(SolutionConfigurationPlatforms) = preSolution
		Debug|Any CPU = Debug|Any CPU
		Release|Any CPU = Release|Any CPU
	EndGlobalSection
	GlobalSection(ProjectConfigurationPlatforms) = postSolution
		{0C777B68-6465-4593-880A-5DB69BF488C6}.Debug|Any CPU.ActiveCfg = Debug|Any CPU
		{0C777B68-6465-4593-880A-5DB69BF488C6}.Debug|Any CPU.Build.0 = Debug|Any CPU
		{0C777B68-6465-4593-880A-5DB69BF488C6}.Release|Any CPU.ActiveCfg = Release|Any CPU
		{0C777B68-6465-4593-880A-5DB69BF488C6}.Release|Any CPU.Build.0 = Release|Any CPU
	EndGlobalSection
	GlobalSection(SolutionProperties) = preSolution
		HideSolutionNode = FALSE
	EndGlobalSection
	GlobalSection(ExtensibilityGlobals) = postSolution
		SolutionGuid = {127B9339-BC02-45AA-8B9C-EAA54A7A04E0}
	EndGlobalSection
EndGlobal
